
Microsoft Visual Studio Solution File, Format Version 12.00
# Visual Studio Version 16
VisualStudioVersion = 16.0.29609.76
MinimumVisualStudioVersion = 10.0.40219.1
Project("{FAE04EC0-301F-11D3-BF4B-00C04F79EFBC}") = "ImageObjDetect", "ImageObjDetect\ImageObjDetect.csproj", "{CE989AD3-A60B-4629-A601-85358D50EE79}"
EndProject
Global
	GlobalSection(SolutionConfigurationPlatforms) = preSolution
		Debug|Any CPU = Debug|Any CPU
		Release|Any CPU = Release|Any CPU
	EndGlobalSection
	GlobalSection(ProjectConfigurationPlatforms) = postSolution
		{CE989AD3-A60B-4629-A601-85358D50EE79}.Debug|Any CPU.ActiveCfg = Debug|Any CPU
		{CE989AD3-A60B-4629-A601-85358D50EE79}.Debug|Any CPU.Build.0 = Debug|Any CPU
		{CE989AD3-A60B-4629-A601-85358D50EE79}.Release|Any CPU.ActiveCfg = Release|Any CPU
		{CE989AD3-A60B-4629-A601-85358D50EE79}.Release|Any CPU.Build.0 = Release|Any CPU
	EndGlobalSection
	GlobalSection(SolutionProperties) = preSolution
		HideSolutionNode = FALSE
	EndGlobalSection
	GlobalSection(ExtensibilityGlobals) = postSolution
		SolutionGuid = {9F55DEC7-DAB9-4D4C-B380-70B99D28F19D}
	EndGlobalSection
EndGlobal
